github.com/bububa/oceanengine v1.9.5 h1:VAFpiVPDZvIvLVTpUjCMogIAhvbOQ/IF8kdYvRLcFiU=
github.com/bububa/oceanengine v1.9.5/go.mod h1:o+rbondEnRm5O7i1adC2oeqiPOW/VlsDiVy0iPl4i4Q=
github.com/shopspring/decimal v1.3.1 h1:2Usl1nmF/WZucqkFZhnfFYxxxu8LG21F6nPQBE5gKV8=
github.com/shopspring/decimal v1.3.1/go.mod h1:DKyhrW/HYNuLGql+MJL6WCR6knT2jwCFRcu2hWCYk4o=
